
Microsoft Visual Studio Solution File, Format Version 12.00
# Visual Studio Version 17
VisualStudioVersion = 17.14.36429.23 d17.14
MinimumVisualStudioVersion = 10.0.40219.1
Project("{FAE04EC0-301F-11D3-BF4B-00C04F79EFBC}") = "Bai01", "Bai01.csproj", "{E357030C-78F8-4551-A3EF-EB70B0ED121F}"
EndProject
Global
	GlobalSection(SolutionConfigurationPlatforms) = preSolution
		Debug|Any CPU = Debug|Any CPU
		Release|Any CPU = Release|Any CPU
	EndGlobalSection
	GlobalSection(ProjectConfigurationPlatforms) = postSolution
		{E357030C-78F8-4551-A3EF-EB70B0ED121F}.Debug|Any CPU.ActiveCfg = Debug|Any CPU
		{E357030C-78F8-4551-A3EF-EB70B0ED121F}.Debug|Any CPU.Build.0 = Debug|Any CPU
		{E357030C-78F8-4551-A3EF-EB70B0ED121F}.Release|Any CPU.ActiveCfg = Release|Any CPU
		{E357030C-78F8-4551-A3EF-EB70B0ED121F}.Release|Any CPU.Build.0 = Release|Any CPU
	EndGlobalSection
	GlobalSection(SolutionProperties) = preSolution
		HideSolutionNode = FALSE
	EndGlobalSection
	GlobalSection(ExtensibilityGlobals) = postSolution
		SolutionGuid = {2E378E7B-6A72-4CDD-8D2F-F613B22C24F7}
	EndGlobalSection
EndGlobal
